// !$*UTF8*$!
{
	archiveVersion = 1;
	classes = {
	};
	objectVersion = 46;
	objects = {

/* Begin PBXBuildFile section */
		690D2C061ED14A8600364675 /* StatePicker.swift in Sources */ = {isa = PBXBuildFile; fileRef = 690D2C051ED14A8600364675 /* StatePicker.swift */; };
		690D2C081ED14A9100364675 /* CityPicker.swift in Sources */ = {isa = PBXBuildFile; fileRef = 690D2C071ED14A9100364675 /* CityPicker.swift */; };
		699EEA051ED13C4F00C5C90C /* PickerData.swift in Sources */ = {isa = PBXBuildFile; fileRef = 699EEA041ED13C4F00C5C90C /* PickerData.swift */; };
		69EB114A1ED0F044006CA794 /* AppDelegate.swift in Sources */ = {isa = PBXBuildFile; fileRef = 69EB11491ED0F044006CA794 /* AppDelegate.swift */; };
		69EB114C1ED0F044006CA794 /* ViewController.swift in Sources */ = {isa = PBXBuildFile; fileRef = 69EB114B1ED0F044006CA794 /* ViewController.swift */; };
		69EB114F1ED0F044006CA794 /* Main.storyboard in Resources */ = {isa = PBXBuildFile; fileRef = 69EB114D1ED0F044006CA794 /* Main.storyboard */; };
		69EB11511ED0F045006CA794 /* Assets.xcassets in Resources */ = {isa = PBXBuildFile; fileRef = 69EB11501ED0F045006CA794 /* Assets.xcassets */; };
		69EB11541ED0F045006CA794 /* LaunchScreen.storyboard in Resources */ = {isa = PBXBuildFile; fileRef = 69EB11521ED0F045006CA794 /* LaunchScreen.storyboard */; };
/* End PBXBuildFile section */

/* Begin PBXFileReference section */
		690D2C051ED14A8600364675 /* StatePicker.swift */ = {isa = PBXFileReference; fileEncoding = 4; lastKnownFileType = sourcecode.swift; path = StatePicker.swift; sourceTree = "<group>"; };
		690D2C071ED14A9100364675 /* CityPicker.swift */ = {isa = PBXFileReference; fileEncoding = 4; lastKnownFileType = sourcecode.swift; path = CityPicker.swift; sourceTree = "<group>"; };
		699EEA041ED13C4F00C5C90C /* PickerData.swift */ = {isa = PBXFileReference; fileEncoding = 4; lastKnownFileType = sourcecode.swift; path = PickerData.swift; sourceTree = "<group>"; };
		69EB11461ED0F044006CA794 /* MiraclePill.app */ = {isa = PBXFileReference; explicitFileType = wrapper.application; includeInIndex = 0; path = MiraclePill.app; sourceTree = BUILT_PRODUCTS_DIR; };
		69EB11491ED0F044006CA794 /* AppDelegate.swift */ = {isa = PBXFileReference; lastKnownFileType = sourcecode.swift; path = AppDelegate.swift; sourceTree = "<group>"; };
		69EB114B1ED0F044006CA794 /* ViewController.swift */ = {isa = PBXFileReference; lastKnownFileType = sourcecode.swift; path = ViewController.swift; sourceTree = "<group>"; };
		69EB114E1ED0F044006CA794 /* Base */ = {isa = PBXFileReference; lastKnownFileType = file.storyboard; name = Base; path = Base.lproj/Main.storyboard; sourceTree = "<group>"; };
		69EB11501ED0F045006CA794 /* Assets.xcassets */ = {isa = PBXFileReference; lastKnownFileType = folder.assetcatalog; path = Assets.xcassets; sourceTree = "<group>"; };
		69EB11531ED0F045006CA794 /* Base */ = {isa = PBXFileReference; lastKnownFileType = file.storyboard; name = Base; path = Base.lproj/LaunchScreen.storyboard; sourceTree = "<group>"; };
		69EB11551ED0F045006CA794 /* Info.plist */ = {isa = PBXFileReference; lastKnownFileType = text.plist.xml; path = Info.plist; sourceTree = "<group>"; };
/* End PBXFileReference section */

/* Begin PBXFrameworksBuildPhase section */
		69EB11431ED0F044006CA794 /* Frameworks */ = {
			isa = PBXFrameworksBuildPhase;
			buildActionMask = 2147483647;
			files = (
			);
			runOnlyForDeploymentPostprocessing = 0;
		};
/* End PBXFrameworksBuildPhase section */

/* Begin PBXGroup section */
		69EB113D1ED0F044006CA794 = {
			isa = PBXGroup;
			children = (
				69EB11481ED0F044006CA794 /* MiraclePill */,
				69EB11471ED0F044006CA794 /* Products */,
			);
			sourceTree = "<group>";
		};
		69EB11471ED0F044006CA794 /* Products */ = {
			isa = PBXGroup;
			children = (
				69EB11461ED0F044006CA794 /* MiraclePill.app */,
			);
			name = Products;
			sourceTree = "<group>";
		};
		69EB11481ED0F044006CA794 /* MiraclePill */ = {
			isa = PBXGroup;
			children = (
				69EB11491ED0F044006CA794 /* AppDelegate.swift */,
				69EB114B1ED0F044006CA794 /* ViewController.swift */,
				69EB114D1ED0F044006CA794 /* Main.storyboard */,
				69EB11501ED0F045006CA794 /* Assets.xcassets */,
				69EB11521ED0F045006CA794 /* LaunchScreen.storyboard */,
				69EB11551ED0F045006CA794 /* Info.plist */,
				699EEA041ED13C4F00C5C90C /* PickerData.swift */,
				690D2C051ED14A8600364675 /* StatePicker.swift */,
				690D2C071ED14A9100364675 /* CityPicker.swift */,
			);
			path = MiraclePill;
			sourceTree = "<group>";
		};
/* End PBXGroup section */

/* Begin PBXNativeTarget section */
		69EB11451ED0F044006CA794 /* MiraclePill */ = {
			isa = PBXNativeTarget;
			buildConfigurationList = 69EB11581ED0F045006CA794 /* Build configuration list for PBXNativeTarget "MiraclePill" */;
			buildPhases = (
				69EB11421ED0F044006CA794 /* Sources */,
				69EB11431ED0F044006CA794 /* Frameworks */,
				69EB11441ED0F044006CA794 /* Resources */,
			);
			buildRules = (
			);
			dependencies = (
			);
			name = MiraclePill;
			productName = MiraclePill;
			productReference = 69EB11461ED0F044006CA794 /* MiraclePill.app */;
			productType = "com.apple.product-type.application";
		};
/* End PBXNativeTarget section */

/* Begin PBXProject section */
		69EB113E1ED0F044006CA794 /* Project object */ = {
			isa = PBXProject;
			attributes = {
				LastSwiftUpdateCheck = 0830;
				LastUpgradeCheck = 0830;
				ORGANIZATIONNAME = Jay;
				TargetAttributes = {
					69EB11451ED0F044006CA794 = {
						CreatedOnToolsVersion = 8.3.2;
						DevelopmentTeam = Y74AUF85T9;
						ProvisioningStyle = Automatic;
					};
				};
			};
			buildConfigurationList = 69EB11411ED0F044006CA794 /* Build configuration list for PBXProject "MiraclePill" */;
			compatibilityVersion = "Xcode 3.2";
			developmentRegion = English;
			hasScannedForEncodings = 0;
			knownRegions = (
				en,
				Base,
			);
			mainGroup = 69EB113D1ED0F044006CA794;
			productRefGroup = 69EB11471ED0F044006CA794 /* Products */;
			projectDirPath = "";
			projectRoot = "";
			targets = (
				69EB11451ED0F044006CA794 /* MiraclePill */,
			);
		};
/* End PBXProject section */

/* Begin PBXResourcesBuildPhase section */
		69EB11441ED0F044006CA794 /* Resources */ = {
			isa = PBXResourcesBuildPhase;
			buildActionMask = 2147483647;
			files = (
				69EB11541ED0F045006CA794 /* LaunchScreen.storyboard in Resources */,
				69EB11511ED0F045006CA794 /* Assets.xcassets in Resources */,
				69EB114F1ED0F044006CA794 /* Main.storyboard in Resources */,
			);
			runOnlyForDeploymentPostprocessing = 0;
		};
/* End PBXResourcesBuildPhase section */

/* Begin PBXSourcesBuildPhase section */
		69EB11421ED0F044006CA794 /* Sources */ = {
			isa = PBXSourcesBuildPhase;
			buildActionMask = 2147483647;
			files = (
				690D2C081ED14A9100364675 /* CityPicker.swift in Sources */,
				69EB114C1ED0F044006CA794 /* ViewController.swift in Sources */,
				69EB114A1ED0F044006CA794 /* AppDelegate.swift in Sources */,
				699EEA051ED13C4F00C5C90C /* PickerData.swift in Sources */,
				690D2C061ED14A8600364675 /* StatePicker.swift in Sources */,
			);
			runOnlyForDeploymentPostprocessing = 0;
		};
/* End PBXSourcesBuildPhase section */

/* Begin PBXVariantGroup section */
		69EB114D1ED0F044006CA794 /* Main.storyboard */ = {
			isa = PBXVariantGroup;
			children = (
				69EB114E1ED0F044006CA794 /* Base */,
			);
			name = Main.storyboard;
			sourceTree = "<group>";
		};
		69EB11521ED0F045006CA794 /* LaunchScreen.storyboard */ = {
			isa = PBXVariantGroup;
			children = (
				69EB11531ED0F045006CA794 /* Base */,
			);
			name = LaunchScreen.storyboard;
			sourceTree = "<group>";
		};
/* End PBXVariantGroup section */

/* Begin XCBuildConfiguration section */
		69EB11561ED0F045006CA794 /* Debug */ = {
			isa = XCBuildConfiguration;
			buildSettings = {
				ALWAYS_SEARCH_USER_PATHS = NO;
				CLANG_ANALYZER_NONNULL = YES;
				CLANG_ANALYZER_NUMBER_OBJECT_CONVERSION = YES_AGGRESSIVE;
				CLANG_CXX_LANGUAGE_STANDARD = "gnu++0x";
				CLANG_CXX_LIBRARY = "libc++";
				CLANG_ENABLE_MODULES = YES;
				CLANG_ENABLE_OBJC_ARC = YES;
				CLANG_WARN_BOOL_CONVERSION = YES;
				CLANG_WARN_CONSTANT_CONVERSION = YES;
				CLANG_WARN_DIRECT_OBJC_ISA_USAGE = YES_ERROR;
				CLANG_WARN_DOCUMENTATION_COMMENTS = YES;
				CLANG_WARN_EMPTY_BODY = YES;
				CLANG_WARN_ENUM_CONVERSION = YES;
				CLANG_WARN_INFINITE_RECURSION = YES;
				CLANG_WARN_INT_CONVERSION = YES;
				CLANG_WARN_OBJC_ROOT_CLASS = YES_ERROR;
				CLANG_WARN_SUSPICIOUS_MOVE = YES;
				CLANG_WARN_UNREACHABLE_CODE = YES;
				CLANG_WARN__DUPLICATE_METHOD_MATCH = YES;
				"CODE_SIGN_IDENTITY[sdk=iphoneos*]" = "iPhone Developer";
				COPY_PHASE_STRIP = NO;
				DEBUG_INFORMATION_FORMAT = dwarf;
				ENABLE_STRICT_OBJC_MSGSEND = YES;
				ENABLE_TESTABILITY = YES;
				GCC_C_LANGUAGE_STANDARD = gnu99;
				GCC_DYNAMIC_NO_PIC = NO;
				GCC_NO_COMMON_BLOCKS = YES;
				GCC_OPTIMIZATION_LEVEL = 0;
				GCC_PREPROCESSOR_DEFINITIONS = (
					"DEBUG=1",
					"$(inherited)",
				);
				GCC_WARN_64_TO_32_BIT_CONVERSION = YES;
				GCC_WARN_ABOUT_RETURN_TYPE = YES_ERROR;
				GCC_WARN_UNDECLARED_SELECTOR = YES;
				GCC_WARN_UNINITIALIZED_AUTOS = YES_AGGRESSIVE;
				GCC_WARN_UNUSED_FUNCTION = YES;
				GCC_WARN_UNUSED_VARIABLE = YES;
				IPHONEOS_DEPLOYMENT_TARGET = 10.3;
				MTL_ENABLE_DEBUG_INFO = YES;
				ONLY_ACTIVE_ARCH = YES;
				SDKROOT = iphoneos;
				SWIFT_ACTIVE_COMPILATION_CONDITIONS = DEBUG;
				SWIFT_OPTIMIZATION_LEVEL = "-Onone";
				TARGETED_DEVICE_FAMILY = "1,2";
			};
			name = Debug;
		};
		69EB11571ED0F045006CA794 /* Release */ = {
			isa = XCBuildConfiguration;
			buildSettings = {
				ALWAYS_SEARCH_USER_PATHS = NO;
				CLANG_ANALYZER_NONNULL = YES;
				CLANG_ANALYZER_NUMBER_OBJECT_CONVERSION = YES_AGGRESSIVE;
				CLANG_CXX_LANGUAGE_STANDARD = "gnu++0x";
				CLANG_CXX_LIBRARY = "libc++";
				CLANG_ENABLE_MODULES = YES;
				CLANG_ENABLE_OBJC_ARC = YES;
				CLANG_WARN_BOOL_CONVERSION = YES;
				CLANG_WARN_CONSTANT_CONVERSION = YES;
				CLANG_WARN_DIRECT_OBJC_ISA_USAGE = YES_ERROR;
				CLANG_WARN_DOCUMENTATION_COMMENTS = YES;
				CLANG_WARN_EMPTY_BODY = YES;
				CLANG_WARN_ENUM_CONVERSION = YES;
				CLANG_WARN_INFINITE_RECURSION = YES;
				CLANG_WARN_INT_CONVERSION = YES;
				CLANG_WARN_OBJC_ROOT_CLASS = YES_ERROR;
				CLANG_WARN_SUSPICIOUS_MOVE = YES;
				CLANG_WARN_UNREACHABLE_CODE = YES;
				CLANG_WARN__DUPLICATE_METHOD_MATCH = YES;
				"CODE_SIGN_IDENTITY[sdk=iphoneos*]" = "iPhone Developer";
				COPY_PHASE_STRIP = NO;
				DEBUG_INFORMATION_FORMAT = "dwarf-with-dsym";
				ENABLE_NS_ASSERTIONS = NO;
				ENABLE_STRICT_OBJC_MSGSEND = YES;
				GCC_C_LANGUAGE_STANDARD = gnu99;
				GCC_NO_COMMON_BLOCKS = YES;
				GCC_WARN_64_TO_32_BIT_CONVERSION = YES;
				GCC_WARN_ABOUT_RETURN_TYPE = YES_ERROR;
				GCC_WARN_UNDECLARED_SELECTOR = YES;
				GCC_WARN_UNINITIALIZED_AUTOS = YES_AGGRESSIVE;
				GCC_WARN_UNUSED_FUNCTION = YES;
				GCC_WARN_UNUSED_VARIABLE = YES;
				IPHONEOS_DEPLOYMENT_TARGET = 10.3;
				MTL_ENABLE_DEBUG_INFO = NO;
				SDKROOT = iphoneos;
				SWIFT_OPTIMIZATION_LEVEL = "-Owholemodule";
				TARGETED_DEVICE_FAMILY = "1,2";
				VALIDATE_PRODUCT = YES;
			};
			name = Release;
		};
		69EB11591ED0F045006CA794 /* Debug */ = {
			isa = XCBuildConfiguration;
			buildSettings = {
				ASSETCATALOG_COMPILER_APPICON_NAME = AppIcon;
				DEVELOPMENT_TEAM = Y74AUF85T9;
				INFOPLIST_FILE = MiraclePill/Info.plist;
				LD_RUNPATH_SEARCH_PATHS = "$(inherited) @executable_path/Frameworks";
				PRODUCT_BUNDLE_IDENTIFIER = com.jaypatel.MiraclePill;
				PRODUCT_NAME = "$(TARGET_NAME)";
				SWIFT_VERSION = 3.0;
			};
			name = Debug;
		};
		69EB115A1ED0F045006CA794 /* Release */ = {
			isa = XCBuildConfiguration;
			buildSettings = {
				ASSETCATALOG_COMPILER_APPICON_NAME = AppIcon;
				DEVELOPMENT_TEAM = Y74AUF85T9;
				INFOPLIST_FILE = MiraclePill/Info.plist;
				LD_RUNPATH_SEARCH_PATHS = "$(inherited) @executable_path/Frameworks";
				PRODUCT_BUNDLE_IDENTIFIER = com.jaypatel.MiraclePill;
				PRODUCT_NAME = "$(TARGET_NAME)";
				SWIFT_VERSION = 3.0;
			};
			name = Release;
		};
/* End XCBuildConfiguration section */

/* Begin XCConfigurationList section */
		69EB11411ED0F044006CA794 /* Build configuration list for PBXProject "MiraclePill" */ = {
			isa = XCConfigurationList;
			buildConfigurations = (
				69EB11561ED0F045006CA794 /* Debug */,
				69EB11571ED0F045006CA794 /* Release */,
			);
			defaultConfigurationIsVisible = 0;
			defaultConfigurationName = Release;
		};
		69EB11581ED0F045006CA794 /* Build configuration list for PBXNativeTarget "MiraclePill" */ = {
			isa = XCConfigurationList;
			buildConfigurations = (
				69EB11591ED0F045006CA794 /* Debug */,
				69EB115A1ED0F045006CA794 /* Release */,
			);
			defaultConfigurationIsVisible = 0;
			defaultConfigurationName = Release;
		};
/* End XCConfigurationList section */
	};
	rootObject = 69EB113E1ED0F044006CA794 /* Project object */;
}
